<?xml version="1.0" encoding="utf-8"?>
<Project ToolsVersion="4.0" xmlns="http://schemas.microsoft.com/developer/msbuild/2003">
  <ItemGroup>
    <Filter Include="main">
      <UniqueIdentifier>{622bf9cc-441b-47a0-8d4d-34a570c43096}</UniqueIdentifier>
    </Filter>
    <Filter Include="libs">
      <UniqueIdentifier>{f002d331-8fd5-4085-85eb-1522ea95d496}</UniqueIdentifier>
    </Filter>
    <Filter Include="global">
      <UniqueIdentifier>{1c9c881c-0435-46c8-b224-ef88ad1ea218}</UniqueIdentifier>
    </Filter>
    <Filter Include="console">
      <UniqueIdentifier>{61007dbf-63db-40e4-b014-bec9822990ca}</UniqueIdentifier>
    </Filter>
    <Filter Include="input">
      <UniqueIdentifier>{6d99c5b1-4685-46a4-80d6-a424d9a8b19a}</UniqueIdentifier>
    </Filter>
    <Filter Include="libs\scanner">
      <UniqueIdentifier>{3b7c4abe-b961-4d0b-8585-d89d12d21c0e}</UniqueIdentifier>
    </Filter>
    <Filter Include="libs\minhook">
      <UniqueIdentifier>{45880791-5fb1-43c4-bfa3-762334a094bd}</UniqueIdentifier>
    </Filter>
    <Filter Include="libs\minhook\hde">
      <UniqueIdentifier>{97ec871b-310f-40da-a892-21a1bf5eb6d5}</UniqueIdentifier>
    </Filter>
    <Filter Include="hooking">
      <UniqueIdentifier>{f8de62c7-48cb-4026-b545-641ff4402f74}</UniqueIdentifier>
    </Filter>
    <Filter Include="update">
      <UniqueIdentifier>{1352de4b-cab8-4c50-9336-47ce0546a18d}</UniqueIdentifier>
    </Filter>
    <Filter Include="invoker">
      <UniqueIdentifier>{6fd8ef6b-f43d-4de5-9604-6dd873a16390}</UniqueIdentifier>
    </Filter>
    <Filter Include="menu">
      <UniqueIdentifier>{c577f48e-bef9-4393-b504-0955e4c243dc}</UniqueIdentifier>
    </Filter>
  </ItemGroup>
  <ItemGroup>
    <ClCompile Include="main\main.cpp">
      <Filter>main</Filter>
    </ClCompile>
    <ClCompile Include="ui\menu.cpp">
      <Filter>menu</Filter>
    </ClCompile>
    <ClCompile Include="libs\scanner\scanner.cpp">
      <Filter>libs\scanner</Filter>
    </ClCompile>
    <ClCompile Include="input\input.cpp">
      <Filter>input</Filter>
    </ClCompile>
    <ClCompile Include="libs\minhook\buffer.cpp">
      <Filter>libs\minhook</Filter>
    </ClCompile>
    <ClCompile Include="libs\minhook\hook.cpp">
      <Filter>libs\minhook</Filter>
    </ClCompile>
    <ClCompile Include="libs\minhook\trampoline.cpp">
      <Filter>libs\minhook</Filter>
    </ClCompile>
    <ClCompile Include="libs\minhook\hde\hde32.cpp">
      <Filter>libs\minhook\hde</Filter>
    </ClCompile>
    <ClCompile Include="libs\minhook\hde\hde64.cpp">
      <Filter>libs\minhook\hde</Filter>
    </ClCompile>
    <ClCompile Include="hooking\hooking.cpp">
      <Filter>hooking</Filter>
    </ClCompile>
    <ClCompile Include="console\console.cpp">
      <Filter>console</Filter>
    </ClCompile>
    <ClCompile Include="global\include.cpp">
      <Filter>global</Filter>
    </ClCompile>
  </ItemGroup>
  <ItemGroup>
    <ClInclude Include="ui\include.hpp">
      <Filter>menu</Filter>
    </ClInclude>
    <ClInclude Include="global\include.hpp">
      <Filter>global</Filter>
    </ClInclude>
    <ClInclude Include="console\include.hpp">
      <Filter>console</Filter>
    </ClInclude>
    <ClInclude Include="input\include.hpp">
      <Filter>input</Filter>
    </ClInclude>
    <ClInclude Include="libs\scanner\scanner.hpp">
      <Filter>libs\scanner</Filter>
    </ClInclude>
    <ClInclude Include="libs\minhook\buffer.hpp">
      <Filter>libs\minhook</Filter>
    </ClInclude>
    <ClInclude Include="libs\minhook\MinHook.hpp">
      <Filter>libs\minhook</Filter>
    </ClInclude>
    <ClInclude Include="libs\minhook\trampoline.hpp">
      <Filter>libs\minhook</Filter>
    </ClInclude>
    <ClInclude Include="libs\minhook\hde\hde32.hpp">
      <Filter>libs\minhook\hde</Filter>
    </ClInclude>
    <ClInclude Include="libs\minhook\hde\hde64.hpp">
      <Filter>libs\minhook\hde</Filter>
    </ClInclude>
    <ClInclude Include="libs\minhook\hde\pstdint.hpp">
      <Filter>libs\minhook\hde</Filter>
    </ClInclude>
    <ClInclude Include="libs\minhook\hde\table32.hpp">
      <Filter>libs\minhook\hde</Filter>
    </ClInclude>
    <ClInclude Include="libs\minhook\hde\table64.hpp">
      <Filter>libs\minhook\hde</Filter>
    </ClInclude>
    <ClInclude Include="hooking\include.hpp">
      <Filter>hooking</Filter>
    </ClInclude>
    <ClInclude Include="update\include.hpp">
      <Filter>update</Filter>
    </ClInclude>
    <ClInclude Include="update\invoker.hpp">
      <Filter>update</Filter>
    </ClInclude>
    <ClInclude Include="update\natives.hpp">
      <Filter>update</Filter>
    </ClInclude>
  </ItemGroup>
</Project>